
Microsoft Visual Studio Solution File, Format Version 12.00
# Visual Studio Version 17
VisualStudioVersion = 17.13.35825.156 d17.13
MinimumVisualStudioVersion = 10.0.40219.1
Project("{FAE04EC0-301F-11D3-BF4B-00C04F79EFBC}") = "IKEA.DAL", "IKEA.DAL\IKEA.DAL.csproj", "{B321BDBD-A1D4-4020-AAF0-E99A01852BBA}"
EndProject
Project("{FAE04EC0-301F-11D3-BF4B-00C04F79EFBC}") = "IKEA.BLL", "IKEA.BLL\IKEA.BLL.csproj", "{B36A4818-300D-4E5D-92C8-9A8156A7EF45}"
EndProject
Project("{FAE04EC0-301F-11D3-BF4B-00C04F79EFBC}") = "IKEA.PL", "IKEA.PL\IKEA.PL.csproj", "{348CAF08-5D6E-4E7B-BCDE-23CDF59D2E26}"
EndProject
Global
	GlobalSection(SolutionConfigurationPlatforms) = preSolution
		Debug|Any CPU = Debug|Any CPU
		Release|Any CPU = Release|Any CPU
	EndGlobalSection
	GlobalSection(ProjectConfigurationPlatforms) = postSolution
		{B321BDBD-A1D4-4020-AAF0-E99A01852BBA}.Debug|Any CPU.ActiveCfg = Debug|Any CPU
		{B321BDBD-A1D4-4020-AAF0-E99A01852BBA}.Debug|Any CPU.Build.0 = Debug|Any CPU
		{B321BDBD-A1D4-4020-AAF0-E99A01852BBA}.Release|Any CPU.ActiveCfg = Release|Any CPU
		{B321BDBD-A1D4-4020-AAF0-E99A01852BBA}.Release|Any CPU.Build.0 = Release|Any CPU
		{B36A4818-300D-4E5D-92C8-9A8156A7EF45}.Debug|Any CPU.ActiveCfg = Debug|Any CPU
		{B36A4818-300D-4E5D-92C8-9A8156A7EF45}.Debug|Any CPU.Build.0 = Debug|Any CPU
		{B36A4818-300D-4E5D-92C8-9A8156A7EF45}.Release|Any CPU.ActiveCfg = Release|Any CPU
		{B36A4818-300D-4E5D-92C8-9A8156A7EF45}.Release|Any CPU.Build.0 = Release|Any CPU
		{348CAF08-5D6E-4E7B-BCDE-23CDF59D2E26}.Debug|Any CPU.ActiveCfg = Debug|Any CPU
		{348CAF08-5D6E-4E7B-BCDE-23CDF59D2E26}.Debug|Any CPU.Build.0 = Debug|Any CPU
		{348CAF08-5D6E-4E7B-BCDE-23CDF59D2E26}.Release|Any CPU.ActiveCfg = Release|Any CPU
		{348CAF08-5D6E-4E7B-BCDE-23CDF59D2E26}.Release|Any CPU.Build.0 = Release|Any CPU
	EndGlobalSection
	GlobalSection(SolutionProperties) = preSolution
		HideSolutionNode = FALSE
	EndGlobalSection
	GlobalSection(ExtensibilityGlobals) = postSolution
		SolutionGuid = {B95ACE85-E2F4-45C1-A4D1-9D903633D189}
	EndGlobalSection
EndGlobal
